{
  "version": 4,
  "terraform_version": "1.5.4",
  "serial": 24,
  "lineage": "3ded964e-9bea-746d-f719-e3a20afc9245",
  "outputs": {},
  "resources": [
    {
      "mode": "managed",
      "type": "local_file",
      "name": "lab1",
      "provider": "provider[\"registry.terraform.io/hashicorp/local\"]",
      "instances": [
        {
          "schema_version": 0,
          "attributes": {
            "content": "Lab1 Hellow World",
            "content_base64": null,
            "content_base64sha256": "d2CNmyCdaZgYN/5c5c5s+++fUGhEn/qnu8N8FzVZWic=",
            "content_base64sha512": "LdktOzO//mArgCfKXT+h8eVlODYk4qVeRJlVLPp5s5jYSwCRZ9fAdeaBdJqPup+EDjJ+IgVNK2wvqRLRJ2S8Kg==",
            "content_md5": "57f309cbc3db87a4206f12253aedb483",
            "content_sha1": "1e77dfc5b2d846c3d393f9b8d75654bdba7d5dfb",
            "content_sha256": "77608d9b209d69981837fe5ce5ce6cfbef9f5068449ffaa7bbc37c1735595a27",
            "content_sha512": "2dd92d3b33bffe602b8027ca5d3fa1f1e565383624e2a55e4499552cfa79b398d84b009167d7c075e681749a8fba9f840e327e22054d2b6c2fa912d12764bc2a",
            "directory_permission": "0777",
            "file_permission": "0777",
            "filename": "/Users/balart80/terraform-lab-on-local-machine/lab1.txt",
            "id": "1e77dfc5b2d846c3d393f9b8d75654bdba7d5dfb",
            "sensitive_content": null,
            "source": null
          },
          "sensitive_attributes": []
        }
      ]
    },
    {
      "mode": "managed",
      "type": "local_file",
      "name": "lab4",
      "provider": "provider[\"registry.terraform.io/hashicorp/local\"]",
      "instances": [
        {
          "schema_version": 0,
          "attributes": {
            "content": "lab4_env_var",
            "content_base64": null,
            "content_base64sha256": "6pQLJEPjUYvRDJIF3X1/QUNie9YnIsvShpxrPqt5axk=",
            "content_base64sha512": "wT3HVQf5M0wTFDyrjCS7FjVzHPOXotfO3GeUPTp49/tJbGWc8tpwtms5A9/y3I4eG9DjOck/W8pfHDNoszoBrA==",
            "content_md5": "ab405412f3560ddc366b6fb58e086eac",
            "content_sha1": "bf00b55654d68e629ca028d6816e5517b3481b39",
            "content_sha256": "ea940b2443e3518bd10c9205dd7d7f4143627bd62722cbd2869c6b3eab796b19",
            "content_sha512": "c13dc75507f9334c13143cab8c24bb1635731cf397a2d7cedc67943d3a78f7fb496c659cf2da70b66b3903dff2dc8e1e1bd0e339c93f5bca5f1c3368b33a01ac",
            "directory_permission": "0777",
            "file_permission": "0777",
            "filename": "/Users/balart80/terraform-lab-on-local-machine/lab4.txt",
            "id": "bf00b55654d68e629ca028d6816e5517b3481b39",
            "sensitive_content": null,
            "source": null
          },
          "sensitive_attributes": []
        }
      ]
    },
    {
      "mode": "managed",
      "type": "local_file",
      "name": "lab5",
      "provider": "provider[\"registry.terraform.io/hashicorp/local\"]",
      "instances": [
        {
          "schema_version": 0,
          "attributes": {
            "content": "lab5 hello world!",
            "content_base64": null,
            "content_base64sha256": "xH2WIOMGa7oxLX7iIFZ6bSdsfDLjpuUlk8q7u+cvDBI=",
            "content_base64sha512": "c7FeRLpAW0dmg4nxv8taztidxXyUwSSVTnLNpBx1bZf/p4mzaVE3+D5UsUToGcLStt1eCuUuwQZf9EEfevclFg==",
            "content_md5": "b663d8235bd825d3c271e3bf40b7ef54",
            "content_sha1": "0d5df54be42e1453845d29ce509e937cec7060de",
            "content_sha256": "c47d9620e3066bba312d7ee220567a6d276c7c32e3a6e52593cabbbbe72f0c12",
            "content_sha512": "73b15e44ba405b47668389f1bfcb5aced89dc57c94c124954e72cda41c756d97ffa789b3695137f83e54b144e819c2d2b6dd5e0ae52ec1065ff4411f7af72516",
            "directory_permission": "0777",
            "file_permission": "0777",
            "filename": "/Users/balart80/terraform-lab-on-local-machine/lab5.txt",
            "id": "0d5df54be42e1453845d29ce509e937cec7060de",
            "sensitive_content": null,
            "source": null
          },
          "sensitive_attributes": []
        }
      ]
    },
    {
      "mode": "managed",
      "type": "local_sensitive_file",
      "name": "password",
      "provider": "provider[\"registry.terraform.io/hashicorp/local\"]",
      "instances": [
        {
          "schema_version": 0,
          "attributes": {
            "content": "Whodis!",
            "content_base64": null,
            "content_base64sha256": "jGDGBdI/e0SSFOSdp4KSTGTVtbP9CzIYZqIUR1V7Vd4=",
            "content_base64sha512": "MIyM9LXXaF43gel74uuQ/25BjTXyiEjKvgTZkzCWVpZP1+3jlGC4AEUKHJXXHnMTC689Cr9dG07oM5Xx1YSfLQ==",
            "content_md5": "8f8bfd3a79c621ee2d2d5b1b3a6b8234",
            "content_sha1": "3305e7c2f6d1e8add996debcc6c74215e592fde4",
            "content_sha256": "8c60c605d23f7b449214e49da782924c64d5b5b3fd0b321866a21447557b55de",
            "content_sha512": "308c8cf4b5d7685e3781e97be2eb90ff6e418d35f28848cabe04d993309656964fd7ede39460b800450a1c95d71e73130baf3d0abf5d1b4ee83395f1d5849f2d",
            "directory_permission": "0700",
            "file_permission": "0700",
            "filename": "./lab2.txt",
            "id": "3305e7c2f6d1e8add996debcc6c74215e592fde4",
            "source": null
          },
          "sensitive_attributes": []
        }
      ]
    }
  ],
  "check_results": null
}
